<?xml version="1.0" encoding="utf-8"?>
<Project ToolsVersion="4.0" xmlns="http://schemas.microsoft.com/developer/msbuild/2003">
  <ItemGroup>
    <Filter Include="ソース ファイル">
      <UniqueIdentifier>{4FC737F1-C7A5-4376-A066-2A32D752A2FF}</UniqueIdentifier>
      <Extensions>cpp;c;cc;cxx;def;odl;idl;hpj;bat;asm;asmx</Extensions>
    </Filter>
    <Filter Include="ソース ファイル\Game">
      <UniqueIdentifier>{05e59e8f-acd7-4d0a-bd9a-a5c6bd690bd4}</UniqueIdentifier>
    </Filter>
    <Filter Include="ソース ファイル\BaseSystem">
      <UniqueIdentifier>{85f7f144-4dc3-4734-bdfc-756a9e704971}</UniqueIdentifier>
    </Filter>
    <Filter Include="ソース ファイル\BaseSystem\Math">
      <UniqueIdentifier>{e3e4a3ec-c611-4226-abac-9a41b3859468}</UniqueIdentifier>
    </Filter>
    <Filter Include="ソース ファイル\BaseSystem\Model">
      <UniqueIdentifier>{a9e7af69-90a7-440c-b3ea-28d6313d2c27}</UniqueIdentifier>
    </Filter>
    <Filter Include="ソース ファイル\BaseSystem\Task">
      <UniqueIdentifier>{453161b1-eb5b-40dc-a61f-fb4c9e91356b}</UniqueIdentifier>
    </Filter>
    <Filter Include="ソース ファイル\BaseSystem\UI">
      <UniqueIdentifier>{93383a33-a196-413e-a7c6-2dfe09ecd721}</UniqueIdentifier>
    </Filter>
    <Filter Include="ソース ファイル\BaseSystem\Collider">
      <UniqueIdentifier>{87aa1e71-3b0d-4bbb-a1bf-7c214a8ac584}</UniqueIdentifier>
    </Filter>
    <Filter Include="ソース ファイル\BaseSystem\System">
      <UniqueIdentifier>{88b3af3d-95a5-4b6c-b691-57f42b478603}</UniqueIdentifier>
    </Filter>
    <Filter Include="ソース ファイル\Game\Character">
      <UniqueIdentifier>{72debf50-9646-4186-80a0-951072c29999}</UniqueIdentifier>
    </Filter>
    <Filter Include="ソース ファイル\Game\Scene">
      <UniqueIdentifier>{7ddeeb75-320d-4391-819c-2a0c8f8f0538}</UniqueIdentifier>
    </Filter>
    <Filter Include="ソース ファイル\BaseSystem\Effect">
      <UniqueIdentifier>{25224d48-fbee-4330-9c49-651acfb6e52a}</UniqueIdentifier>
    </Filter>
    <Filter Include="ソース ファイル\BaseSystem\Object">
      <UniqueIdentifier>{8459ca36-5981-4aeb-9308-c456d0366b48}</UniqueIdentifier>
    </Filter>
    <Filter Include="ソース ファイル\BaseSystem\Object\Character">
      <UniqueIdentifier>{2f1bc137-2900-4b8e-850a-cde32072c819}</UniqueIdentifier>
    </Filter>
    <Filter Include="ソース ファイル\BaseSystem\Scene">
      <UniqueIdentifier>{af5b623e-17c3-4308-b3ba-410f9a5b9c72}</UniqueIdentifier>
    </Filter>
    <Filter Include="ソース ファイル\BaseSystem\Debug">
      <UniqueIdentifier>{03c92fc0-53b3-405c-a2df-311b825d8127}</UniqueIdentifier>
    </Filter>
    <Filter Include="ソース ファイル\Game\Field">
      <UniqueIdentifier>{acbeca61-006d-429d-8391-45dc7983885d}</UniqueIdentifier>
    </Filter>
    <Filter Include="ソース ファイル\Game\Field\Object">
      <UniqueIdentifier>{944b0643-4c32-4f86-9d33-49cba7329b64}</UniqueIdentifier>
    </Filter>
    <Filter Include="ソース ファイル\Game\Item">
      <UniqueIdentifier>{6ac9733b-d63a-4971-a8bf-475c9c5e3abe}</UniqueIdentifier>
    </Filter>
    <Filter Include="ソース ファイル\Game\UI">
      <UniqueIdentifier>{b05a1b66-ada2-4d06-b2f0-c206d5271ba0}</UniqueIdentifier>
    </Filter>
    <Filter Include="ソース ファイル\Test">
      <UniqueIdentifier>{1b92afcf-c66e-4411-8c66-dfd52317a640}</UniqueIdentifier>
    </Filter>
    <Filter Include="ソース ファイル\Game\Character\Enemy">
      <UniqueIdentifier>{7c572c2f-0463-4f46-bb20-675600305f9b}</UniqueIdentifier>
    </Filter>
    <Filter Include="ソース ファイル\Game\Character\Player">
      <UniqueIdentifier>{4edc7b3e-7fe6-4463-9b03-d91fe54fdc4a}</UniqueIdentifier>
    </Filter>
    <Filter Include="ソース ファイル\Game\Weapon">
      <UniqueIdentifier>{bbe1abaa-1fa4-4b66-8919-ad3945c54160}</UniqueIdentifier>
    </Filter>
    <Filter Include="ソース ファイル\BaseSystem\Resource">
      <UniqueIdentifier>{ffd69484-88ac-4071-b845-e760a392a043}</UniqueIdentifier>
    </Filter>
    <Filter Include="ソース ファイル\Game\System">
      <UniqueIdentifier>{1e65f8e4-27be-4259-a896-1ddd5dc2fa86}</UniqueIdentifier>
    </Filter>
    <Filter Include="ソース ファイル\Game\Weapon\Bullet">
      <UniqueIdentifier>{a53e5e9c-fbf1-4b12-b1f2-9d5733a92368}</UniqueIdentifier>
    </Filter>
    <Filter Include="ソース ファイル\Game\Menu">
      <UniqueIdentifier>{c40dfc4a-a129-4cf1-9942-b06e817a6144}</UniqueIdentifier>
    </Filter>
    <Filter Include="ソース ファイル\BaseSystem\BGM">
      <UniqueIdentifier>{d92df25c-4c10-40f7-aa21-3b53671e7fec}</UniqueIdentifier>
    </Filter>
    <Filter Include="ソース ファイル\BaseSystem\Fade">
      <UniqueIdentifier>{a03fe14e-2e7a-4924-980b-aa3e14ae9eed}</UniqueIdentifier>
    </Filter>
    <Filter Include="ソース ファイル\Game\Effect">
      <UniqueIdentifier>{485521b2-aaf0-4d96-a9fb-e06a7bc509c0}</UniqueIdentifier>
    </Filter>
    <Filter Include="ソース ファイル\Game\Effect\Flame">
      <UniqueIdentifier>{c8a7d045-d093-4343-b70c-e638db182586}</UniqueIdentifier>
    </Filter>
    <Filter Include="ソース ファイル\Game\Effect\Slashing">
      <UniqueIdentifier>{eb010f7f-d921-4fb4-a54c-d2729347a082}</UniqueIdentifier>
    </Filter>
    <Filter Include="ソース ファイル\Game\Effect\Roar">
      <UniqueIdentifier>{e8f06d63-5b64-4fcb-907f-fd4c30e77d46}</UniqueIdentifier>
    </Filter>
    <Filter Include="ソース ファイル\Game\Character\Enemy\Slime">
      <UniqueIdentifier>{495cfac7-2a55-4088-8db4-a97628feff60}</UniqueIdentifier>
    </Filter>
    <Filter Include="ソース ファイル\Game\Character\Enemy\Bee">
      <UniqueIdentifier>{120df38d-c8ac-4300-aa0e-b8e13ef0bd94}</UniqueIdentifier>
    </Filter>
    <Filter Include="ソース ファイル\Game\Character\Enemy\Beholder">
      <UniqueIdentifier>{62543806-e978-4f28-88c9-8da27658cbb1}</UniqueIdentifier>
    </Filter>
    <Filter Include="ソース ファイル\Game\Character\Enemy\Boxer">
      <UniqueIdentifier>{42d7a746-9eef-4b70-84ed-7986ba74f0f3}</UniqueIdentifier>
    </Filter>
    <Filter Include="ソース ファイル\Game\Character\Enemy\Cactus">
      <UniqueIdentifier>{95454c3c-7e03-4e80-b492-aae494cdbfdb}</UniqueIdentifier>
    </Filter>
    <Filter Include="ソース ファイル\Game\Character\Enemy\Chest">
      <UniqueIdentifier>{86496fe4-1736-4c44-ba88-2945271c8751}</UniqueIdentifier>
    </Filter>
    <Filter Include="ソース ファイル\Game\Character\Enemy\Dragon">
      <UniqueIdentifier>{0218a3d3-cd42-444e-a0bf-f9ce4b18526a}</UniqueIdentifier>
    </Filter>
    <Filter Include="ソース ファイル\Game\Character\Enemy\Mushroom">
      <UniqueIdentifier>{0e7607f9-03af-432b-9f5c-8e165919dbe7}</UniqueIdentifier>
    </Filter>
    <Filter Include="ソース ファイル\Game\Character\Enemy\Ray">
      <UniqueIdentifier>{664bf237-756c-4c1f-b9b9-b3b28b29b1e5}</UniqueIdentifier>
    </Filter>
    <Filter Include="ソース ファイル\Game\Character\Enemy\Turtle">
      <UniqueIdentifier>{7da67663-a013-4ccd-9898-be6cc3ea7f45}</UniqueIdentifier>
    </Filter>
    <Filter Include="ソース ファイル\Game\Effect\Wave">
      <UniqueIdentifier>{b4571025-c6e5-4af3-9d17-2592179ce4a1}</UniqueIdentifier>
    </Filter>
    <Filter Include="ソース ファイル\Game\Effect\Needle">
      <UniqueIdentifier>{6664dd65-a55a-45a8-a21a-1ba12eeaaed1}</UniqueIdentifier>
    </Filter>
    <Filter Include="ソース ファイル\Game\Effect\Crack">
      <UniqueIdentifier>{2a09a2e2-0d06-4bf6-b428-35aaa7b3b660}</UniqueIdentifier>
    </Filter>
    <Filter Include="ソース ファイル\Game\Effect\Coin">
      <UniqueIdentifier>{0b581d3e-4085-4827-84fe-bb3528e81d22}</UniqueIdentifier>
    </Filter>
    <Filter Include="ソース ファイル\Game\Item\Exp">
      <UniqueIdentifier>{256cf66e-22d4-43c3-b86f-31ce658ff4c1}</UniqueIdentifier>
    </Filter>
    <Filter Include="ソース ファイル\Game\Item\Portion">
      <UniqueIdentifier>{7de4ff38-35cb-432b-8589-251108cc2ed3}</UniqueIdentifier>
    </Filter>
    <Filter Include="ソース ファイル\Game\Effect\LightningBall">
      <UniqueIdentifier>{842c1740-bede-44ec-8363-b4825b06e07b}</UniqueIdentifier>
    </Filter>
    <Filter Include="ソース ファイル\Game\Effect\ElectricShock">
      <UniqueIdentifier>{38bb1970-3563-4da9-86cd-690d3976e72f}</UniqueIdentifier>
    </Filter>
    <Filter Include="ソース ファイル\Game\Effect\Impact">
      <UniqueIdentifier>{4b91aca2-4008-4444-aaf4-540e461b7155}</UniqueIdentifier>
    </Filter>
    <Filter Include="ソース ファイル\Game\Effect\Homing">
      <UniqueIdentifier>{8402600c-9cf3-4f7d-bb81-2a027a9ad4f8}</UniqueIdentifier>
    </Filter>
    <Filter Include="ソース ファイル\Game\Effect\Tornado">
      <UniqueIdentifier>{7b21de7d-ee8b-4e4a-9f89-0b8aa9790e32}</UniqueIdentifier>
    </Filter>
    <Filter Include="ソース ファイル\Game\Effect\MagicCircle">
      <UniqueIdentifier>{a5b62ae4-5d41-4283-acea-226b6222e314}</UniqueIdentifier>
    </Filter>
    <Filter Include="ソース ファイル\Game\Character\Enemy\Lich">
      <UniqueIdentifier>{3d12f532-4649-4a44-a534-9b365a5fddb8}</UniqueIdentifier>
    </Filter>
    <Filter Include="ソース ファイル\Game\Effect\Drain">
      <UniqueIdentifier>{3d8c7065-76ff-4e7a-bc61-7a6c5e5bfc24}</UniqueIdentifier>
    </Filter>
    <Filter Include="ソース ファイル\Game\Effect\Heal">
      <UniqueIdentifier>{68ff742f-d391-4874-9b77-66b61a35b198}</UniqueIdentifier>
    </Filter>
    <Filter Include="ソース ファイル\Game\Effect\BuffCircle">
      <UniqueIdentifier>{1b86be60-1724-4fe9-bac9-6e5c9491fc97}</UniqueIdentifier>
    </Filter>
    <Filter Include="ソース ファイル\Game\Effect\Aura">
      <UniqueIdentifier>{f7044498-84d4-4634-8526-4091bece0b52}</UniqueIdentifier>
    </Filter>
    <Filter Include="ソース ファイル\Game\Weapon\Shield">
      <UniqueIdentifier>{a20513ec-c061-4dc4-8a1d-e5b31847952b}</UniqueIdentifier>
    </Filter>
    <Filter Include="ソース ファイル\Game\Weapon\Sword">
      <UniqueIdentifier>{9c602e4b-8595-4127-a191-507c6962eb8c}</UniqueIdentifier>
    </Filter>
    <Filter Include="ソース ファイル\Game\UI\TitleUI">
      <UniqueIdentifier>{b146e67e-b51a-42c4-8fc3-7b8e0b2b34d9}</UniqueIdentifier>
    </Filter>
    <Filter Include="ソース ファイル\Game\Effect\Current">
      <UniqueIdentifier>{9e8a1061-391a-45c2-ad34-068f0599dbf6}</UniqueIdentifier>
    </Filter>
    <Filter Include="ソース ファイル\Game\Effect\Breath">
      <UniqueIdentifier>{811ebbf1-d1ef-43eb-86ea-7929f1c60671}</UniqueIdentifier>
    </Filter>
    <Filter Include="ソース ファイル\Game\Effect\Breath\IceBreath">
      <UniqueIdentifier>{0c20dcfa-3586-41cd-8a45-82964f83f0e6}</UniqueIdentifier>
    </Filter>
    <Filter Include="ソース ファイル\Game\UI\GameUI">
      <UniqueIdentifier>{e8b9c72a-7524-43d4-8193-7bd8d249a5d7}</UniqueIdentifier>
    </Filter>
    <Filter Include="ソース ファイル\Game\UI\GameUI\Gauge">
      <UniqueIdentifier>{f669b703-3070-4bca-914e-97a41d42ab44}</UniqueIdentifier>
    </Filter>
    <Filter Include="ソース ファイル\Game\UI\GameUI\PlayerUI">
      <UniqueIdentifier>{ae95ac4e-4642-496b-900d-00593a03452b}</UniqueIdentifier>
    </Filter>
    <Filter Include="ソース ファイル\Game\UI\GameUI\EnemyUI">
      <UniqueIdentifier>{6de88451-1363-4ebe-9b22-7ce34defa889}</UniqueIdentifier>
    </Filter>
    <Filter Include="ソース ファイル\Game\Effect\Hit">
      <UniqueIdentifier>{db4e4e2f-51a9-4bd3-997a-2d761234dba6}</UniqueIdentifier>
    </Filter>
    <Filter Include="ソース ファイル\Game\UI\GameUI\PlayerUI\HP">
      <UniqueIdentifier>{1cc3b218-4c04-42b6-9c3c-c2cc86327724}</UniqueIdentifier>
    </Filter>
    <Filter Include="ソース ファイル\Game\UI\GameUI\PlayerUI\Exp">
      <UniqueIdentifier>{f123f740-bdb1-4c00-a8d9-9c4cc0588628}</UniqueIdentifier>
    </Filter>
    <Filter Include="ソース ファイル\Game\UI\GameUI\PlayerUI\SP">
      <UniqueIdentifier>{584d634e-53b1-4697-aa56-9ab773c03a43}</UniqueIdentifier>
    </Filter>
    <Filter Include="ソース ファイル\Game\UI\GameUI\PlayerUI\Name">
      <UniqueIdentifier>{a64aabe2-367b-4f87-b8b3-745bcfcae05a}</UniqueIdentifier>
    </Filter>
    <Filter Include="ソース ファイル\Game\UI\GameUI\PlayerUI\Power">
      <UniqueIdentifier>{3e3138f8-6f5f-403d-ab78-8d90508a61ae}</UniqueIdentifier>
    </Filter>
    <Filter Include="ソース ファイル\Game\UI\GameUI\PlayerUI\Defense">
      <UniqueIdentifier>{c3448158-5871-4476-96fd-53c5dc168673}</UniqueIdentifier>
    </Filter>
    <Filter Include="ソース ファイル\Game\UI\GameUI\PlayerUI\Scale">
      <UniqueIdentifier>{92d98662-4791-4b48-845e-c4a9d10bd69d}</UniqueIdentifier>
    </Filter>
    <Filter Include="ソース ファイル\Game\UI\GameUI\Key">
      <UniqueIdentifier>{929a39ba-0258-4704-903a-d48792172c19}</UniqueIdentifier>
    </Filter>
    <Filter Include="ソース ファイル\Game\UI\GameUI\Menu">
      <UniqueIdentifier>{19348d1d-0654-4af9-86bf-63871360e45e}</UniqueIdentifier>
    </Filter>
    <Filter Include="ソース ファイル\Game\UI\GameUI\Skill">
      <UniqueIdentifier>{9146e88e-6b22-4b60-9114-26104655e2a6}</UniqueIdentifier>
    </Filter>
    <Filter Include="ソース ファイル\Game\UI\GameUI\Skill\Lock">
      <UniqueIdentifier>{6e64ad32-6553-430b-9e3b-3f57f8be942d}</UniqueIdentifier>
    </Filter>
    <Filter Include="ソース ファイル\Game\UI\GameUI\PlayerUI\Level">
      <UniqueIdentifier>{ebe73079-89a4-462e-bccf-31c449c24bb2}</UniqueIdentifier>
    </Filter>
  </ItemGroup>
  <ItemGroup>
    <ClCompile Include="src\main.cpp">
      <Filter>ソース ファイル</Filter>
    </ClCompile>
    <ClCompile Include="src\BaseSystem\CCollider.cpp">
      <Filter>ソース ファイル\BaseSystem\Collider</Filter>
    </ClCompile>
    <ClCompile Include="src\BaseSystem\CColliderLine.cpp">
      <Filter>ソース ファイル\BaseSystem\Collider</Filter>
    </ClCompile>
    <ClCompile Include="src\BaseSystem\CColliderMesh.cpp">
      <Filter>ソース ファイル\BaseSystem\Collider</Filter>
    </ClCompile>
    <ClCompile Include="src\BaseSystem\CColliderTriangle.cpp">
      <Filter>ソース ファイル\BaseSystem\Collider</Filter>
    </ClCompile>
    <ClCompile Include="src\BaseSystem\CCollisionManager.cpp">
      <Filter>ソース ファイル\BaseSystem\Collider</Filter>
    </ClCompile>
    <ClCompile Include="src\BaseSystem\CMatrix.cpp">
      <Filter>ソース ファイル\BaseSystem\Math</Filter>
    </ClCompile>
    <ClCompile Include="src\BaseSystem\CMyShader.cpp">
      <Filter>ソース ファイル\BaseSystem\Math</Filter>
    </ClCompile>
    <ClCompile Include="src\BaseSystem\CShader.cpp">
      <Filter>ソース ファイル\BaseSystem\Math</Filter>
    </ClCompile>
    <ClCompile Include="src\BaseSystem\CVector.cpp">
      <Filter>ソース ファイル\BaseSystem\Math</Filter>
    </ClCompile>
    <ClCompile Include="src\BaseSystem\CMaterial.cpp">
      <Filter>ソース ファイル\BaseSystem\Model</Filter>
    </ClCompile>
    <ClCompile Include="src\BaseSystem\CModel.cpp">
      <Filter>ソース ファイル\BaseSystem\Model</Filter>
    </ClCompile>
    <ClCompile Include="src\BaseSystem\CModelX.cpp">
      <Filter>ソース ファイル\BaseSystem\Model</Filter>
    </ClCompile>
    <ClCompile Include="src\BaseSystem\CTriangle.cpp">
      <Filter>ソース ファイル\BaseSystem\Model</Filter>
    </ClCompile>
    <ClCompile Include="src\BaseSystem\CCamera.cpp">
      <Filter>ソース ファイル\BaseSystem\System</Filter>
    </ClCompile>
    <ClCompile Include="src\BaseSystem\CInput.cpp">
      <Filter>ソース ファイル\BaseSystem\System</Filter>
    </ClCompile>
    <ClCompile Include="src\BaseSystem\CSound.cpp">
      <Filter>ソース ファイル\BaseSystem\System</Filter>
    </ClCompile>
    <ClCompile Include="src\BaseSystem\CTexture.cpp">
      <Filter>ソース ファイル\BaseSystem\System</Filter>
    </ClCompile>
    <ClCompile Include="src\BaseSystem\CTransform.cpp">
      <Filter>ソース ファイル\BaseSystem\System</Filter>
    </ClCompile>
    <ClCompile Include="src\BaseSystem\CTaskManager.cpp">
      <Filter>ソース ファイル\BaseSystem\Task</Filter>
    </ClCompile>
    <ClCompile Include="src\BaseSystem\CFont.cpp">
      <Filter>ソース ファイル\BaseSystem\UI</Filter>
    </ClCompile>
    <ClCompile Include="src\Game\CApplication.cpp">
      <Filter>ソース ファイル\Game</Filter>
    </ClCompile>
    <ClCompile Include="src\BaseSystem\CEffect.cpp">
      <Filter>ソース ファイル\BaseSystem\Effect</Filter>
    </ClCompile>
    <ClCompile Include="src\BaseSystem\CBillBoard.cpp">
      <Filter>ソース ファイル\BaseSystem\Effect</Filter>
    </ClCompile>
    <ClCompile Include="src\BaseSystem\CTask.cpp">
      <Filter>ソース ファイル\BaseSystem\Task</Filter>
    </ClCompile>
    <ClCompile Include="src\BaseSystem\CObjectBase.cpp">
      <Filter>ソース ファイル\BaseSystem\Object</Filter>
    </ClCompile>
    <ClCompile Include="src\BaseSystem\CCharaBase.cpp">
      <Filter>ソース ファイル\BaseSystem\Object\Character</Filter>
    </ClCompile>
    <ClCompile Include="src\BaseSystem\CColliderSphere.cpp">
      <Filter>ソース ファイル\BaseSystem\Collider</Filter>
    </ClCompile>
    <ClCompile Include="src\BaseSystem\CSceneBase.cpp">
      <Filter>ソース ファイル\BaseSystem\Scene</Filter>
    </ClCompile>
    <ClCompile Include="src\BaseSystem\CSceneManager.cpp">
      <Filter>ソース ファイル\BaseSystem\Scene</Filter>
    </ClCompile>
    <ClCompile Include="src\BaseSystem\CColor.cpp">
      <Filter>ソース ファイル\BaseSystem\Math</Filter>
    </ClCompile>
    <ClCompile Include="src\BaseSystem\CTextureFont.cpp">
      <Filter>ソース ファイル\BaseSystem\UI</Filter>
    </ClCompile>
    <ClCompile Include="src\BaseSystem\CText.cpp">
      <Filter>ソース ファイル\BaseSystem\UI</Filter>
    </ClCompile>
    <ClCompile Include="src\BaseSystem\CUIBase.cpp">
      <Filter>ソース ファイル\BaseSystem\UI</Filter>
    </ClCompile>
    <ClCompile Include="src\BaseSystem\Maths.cpp">
      <Filter>ソース ファイル\BaseSystem\Math</Filter>
    </ClCompile>
    <ClCompile Include="src\BaseSystem\CQuaternion.cpp">
      <Filter>ソース ファイル\BaseSystem\Math</Filter>
    </ClCompile>
    <ClCompile Include="src\BaseSystem\CDebugPrint.cpp">
      <Filter>ソース ファイル\BaseSystem\Debug</Filter>
    </ClCompile>
    <ClCompile Include="src\Game\CField.cpp">
      <Filter>ソース ファイル\Game\Field</Filter>
    </ClCompile>
    <ClCompile Include="src\Game\CXCharacter.cpp">
      <Filter>ソース ファイル\Game\Character</Filter>
    </ClCompile>
    <ClCompile Include="src\Game\CTitleScene.cpp">
      <Filter>ソース ファイル\Game\Scene</Filter>
    </ClCompile>
    <ClCompile Include="src\Game\CGameScene.cpp">
      <Filter>ソース ファイル\Game\Scene</Filter>
    </ClCompile>
    <ClCompile Include="src\Game\CImage.cpp">
      <Filter>ソース ファイル\BaseSystem\UI</Filter>
    </ClCompile>
    <ClCompile Include="src\Game\CMoveFloor.cpp">
      <Filter>ソース ファイル\Game\Field\Object</Filter>
    </ClCompile>
    <ClCompile Include="src\Game\CRideabeObject.cpp">
      <Filter>ソース ファイル\Game\Field\Object</Filter>
    </ClCompile>
    <ClCompile Include="src\Game\CRotateFloor.cpp">
      <Filter>ソース ファイル\Game\Field\Object</Filter>
    </ClCompile>
    <ClCompile Include="src\Game\CharaStatus.cpp">
      <Filter>ソース ファイル\Game\Character</Filter>
    </ClCompile>
    <ClCompile Include="src\BaseSystem\CDebugProfiler.cpp">
      <Filter>ソース ファイル\BaseSystem\Debug</Filter>
    </ClCompile>
    <ClCompile Include="src\BaseSystem\CDebugTimer.cpp">
      <Filter>ソース ファイル\BaseSystem\Debug</Filter>
    </ClCompile>
    <ClCompile Include="src\BaseSystem\CDebugCamera.cpp">
      <Filter>ソース ファイル\BaseSystem\Debug</Filter>
    </ClCompile>
    <ClCompile Include="src\BaseSystem\CDebugInput.cpp">
      <Filter>ソース ファイル\BaseSystem\Debug</Filter>
    </ClCompile>
    <ClCompile Include="src\Test\CBootMenuScene.cpp">
      <Filter>ソース ファイル\Test</Filter>
    </ClCompile>
    <ClCompile Include="src\Test\CColBase.cpp">
      <Filter>ソース ファイル\Test</Filter>
    </ClCompile>
    <ClCompile Include="src\Test\CColLine.cpp">
      <Filter>ソース ファイル\Test</Filter>
    </ClCompile>
    <ClCompile Include="src\Test\CCollisionTestScene.cpp">
      <Filter>ソース ファイル\Test</Filter>
    </ClCompile>
    <ClCompile Include="src\Test\CColQuad.cpp">
      <Filter>ソース ファイル\Test</Filter>
    </ClCompile>
    <ClCompile Include="src\Test\CColSphere.cpp">
      <Filter>ソース ファイル\Test</Filter>
    </ClCompile>
    <ClCompile Include="src\Test\CColTriangle.cpp">
      <Filter>ソース ファイル\Test</Filter>
    </ClCompile>
    <ClCompile Include="src\Test\CMeasure.cpp">
      <Filter>ソース ファイル\Test</Filter>
    </ClCompile>
    <ClCompile Include="src\BaseSystem\System.cpp">
      <Filter>ソース ファイル\BaseSystem\System</Filter>
    </ClCompile>
    <ClCompile Include="src\BaseSystem\Primitive.cpp">
      <Filter>ソース ファイル\BaseSystem\System</Filter>
    </ClCompile>
    <ClCompile Include="src\BaseSystem\CGamePause.cpp">
      <Filter>ソース ファイル\BaseSystem\System</Filter>
    </ClCompile>
    <ClCompile Include="src\Game\CPlayer.cpp">
      <Filter>ソース ファイル\Game\Character\Player</Filter>
    </ClCompile>
    <ClCompile Include="src\Game\CWeapon.cpp">
      <Filter>ソース ファイル\Game\Weapon</Filter>
    </ClCompile>
    <ClCompile Include="src\BaseSystem\CBillBoardImage.cpp">
      <Filter>ソース ファイル\BaseSystem\Effect</Filter>
    </ClCompile>
    <ClCompile Include="src\BaseSystem\CRect.cpp">
      <Filter>ソース ファイル\BaseSystem\Math</Filter>
    </ClCompile>
    <ClCompile Include="src\Game\CEnemy.cpp">
      <Filter>ソース ファイル\Game\Character\Enemy</Filter>
    </ClCompile>
    <ClCompile Include="src\BaseSystem\CResource.cpp">
      <Filter>ソース ファイル\BaseSystem\Resource</Filter>
    </ClCompile>
    <ClCompile Include="src\BaseSystem\CResourceManager.cpp">
      <Filter>ソース ファイル\BaseSystem\Resource</Filter>
    </ClCompile>
    <ClCompile Include="src\Game\CGameOverScene.cpp">
      <Filter>ソース ファイル\Game\Scene</Filter>
    </ClCompile>
    <ClCompile Include="src\Game\CGameCamera.cpp">
      <Filter>ソース ファイル\Game\System</Filter>
    </ClCompile>
    <ClCompile Include="src\BaseSystem\CLineEffect.cpp">
      <Filter>ソース ファイル\BaseSystem\Effect</Filter>
    </ClCompile>
    <ClCompile Include="src\BaseSystem\CTrailEffect.cpp">
      <Filter>ソース ファイル\BaseSystem\Effect</Filter>
    </ClCompile>
    <ClCompile Include="src\Game\CBullet.cpp">
      <Filter>ソース ファイル\Game\Weapon\Bullet</Filter>
    </ClCompile>
    <ClCompile Include="src\Game\CGameMenu.cpp">
      <Filter>ソース ファイル\Game\Menu</Filter>
    </ClCompile>
    <ClCompile Include="src\Game\CGameCamera2.cpp">
      <Filter>ソース ファイル\Game\System</Filter>
    </ClCompile>
    <ClCompile Include="src\BaseSystem\CSoundManager.cpp">
      <Filter>ソース ファイル\BaseSystem\System</Filter>
    </ClCompile>
    <ClCompile Include="src\BaseSystem\BGMData.cpp">
      <Filter>ソース ファイル\BaseSystem\BGM</Filter>
    </ClCompile>
    <ClCompile Include="src\BaseSystem\CBGMManager.cpp">
      <Filter>ソース ファイル\BaseSystem\BGM</Filter>
    </ClCompile>
    <ClCompile Include="src\BaseSystem\CFade.cpp">
      <Filter>ソース ファイル\BaseSystem\Fade</Filter>
    </ClCompile>
    <ClCompile Include="src\BaseSystem\Easing.cpp">
      <Filter>ソース ファイル\BaseSystem\Effect</Filter>
    </ClCompile>
    <ClCompile Include="src\Game\CFlame.cpp">
      <Filter>ソース ファイル\Game\Effect\Flame</Filter>
    </ClCompile>
    <ClCompile Include="src\Game\CFlamethrower.cpp">
      <Filter>ソース ファイル\Game\Effect\Flame</Filter>
    </ClCompile>
    <ClCompile Include="src\BaseSystem\CColliderCapsule.cpp">
      <Filter>ソース ファイル\BaseSystem\Collider</Filter>
    </ClCompile>
    <ClCompile Include="src\Test\CColCapsule.cpp">
      <Filter>ソース ファイル\Test</Filter>
    </ClCompile>
    <ClCompile Include="src\Game\CSlash.cpp">
      <Filter>ソース ファイル\Game\Effect\Slashing</Filter>
    </ClCompile>
    <ClCompile Include="src\Game\CRoar.cpp">
      <Filter>ソース ファイル\Game\Effect\Roar</Filter>
    </ClCompile>
    <ClCompile Include="src\BaseSystem\CBounds.cpp">
      <Filter>ソース ファイル\BaseSystem\Collider</Filter>
    </ClCompile>
    <ClCompile Include="src\Game\CElectricShock.cpp">
      <Filter>ソース ファイル\Game\Effect\ElectricShock</Filter>
    </ClCompile>
    <ClCompile Include="src\Game\CElectricShockEffect.cpp">
      <Filter>ソース ファイル\Game\Effect\ElectricShock</Filter>
    </ClCompile>
    <ClCompile Include="src\Game\CBee.cpp">
      <Filter>ソース ファイル\Game\Character\Enemy\Bee</Filter>
    </ClCompile>
    <ClCompile Include="src\Game\CBeholder.cpp">
      <Filter>ソース ファイル\Game\Character\Enemy\Beholder</Filter>
    </ClCompile>
    <ClCompile Include="src\Game\CBoxer.cpp">
      <Filter>ソース ファイル\Game\Character\Enemy\Boxer</Filter>
    </ClCompile>
    <ClCompile Include="src\Game\CBoxer2.cpp">
      <Filter>ソース ファイル\Game\Character\Enemy\Boxer</Filter>
    </ClCompile>
    <ClCompile Include="src\Game\CCactus.cpp">
      <Filter>ソース ファイル\Game\Character\Enemy\Cactus</Filter>
    </ClCompile>
    <ClCompile Include="src\Game\CChest.cpp">
      <Filter>ソース ファイル\Game\Character\Enemy\Chest</Filter>
    </ClCompile>
    <ClCompile Include="src\Game\CDragon.cpp">
      <Filter>ソース ファイル\Game\Character\Enemy\Dragon</Filter>
    </ClCompile>
    <ClCompile Include="src\Game\CMushroom.cpp">
      <Filter>ソース ファイル\Game\Character\Enemy\Mushroom</Filter>
    </ClCompile>
    <ClCompile Include="src\Game\CMushroom2.cpp">
      <Filter>ソース ファイル\Game\Character\Enemy\Mushroom</Filter>
    </ClCompile>
    <ClCompile Include="src\Game\CMushroom3.cpp">
      <Filter>ソース ファイル\Game\Character\Enemy\Mushroom</Filter>
    </ClCompile>
    <ClCompile Include="src\Game\CRay.cpp">
      <Filter>ソース ファイル\Game\Character\Enemy\Ray</Filter>
    </ClCompile>
    <ClCompile Include="src\Game\CSlime.cpp">
      <Filter>ソース ファイル\Game\Character\Enemy\Slime</Filter>
    </ClCompile>
    <ClCompile Include="src\Game\CSlime2.cpp">
      <Filter>ソース ファイル\Game\Character\Enemy\Slime</Filter>
    </ClCompile>
    <ClCompile Include="src\Game\CSlime3.cpp">
      <Filter>ソース ファイル\Game\Character\Enemy\Slime</Filter>
    </ClCompile>
    <ClCompile Include="src\Game\CTurtle.cpp">
      <Filter>ソース ファイル\Game\Character\Enemy\Turtle</Filter>
    </ClCompile>
    <ClCompile Include="src\Game\CTurtle2.cpp">
      <Filter>ソース ファイル\Game\Character\Enemy\Turtle</Filter>
    </ClCompile>
    <ClCompile Include="src\Game\CTurtle3.cpp">
      <Filter>ソース ファイル\Game\Character\Enemy\Turtle</Filter>
    </ClCompile>
    <ClCompile Include="src\Game\CCactus2.cpp">
      <Filter>ソース ファイル\Game\Character\Enemy\Cactus</Filter>
    </ClCompile>
    <ClCompile Include="src\Game\CWave.cpp">
      <Filter>ソース ファイル\Game\Effect\Wave</Filter>
    </ClCompile>
    <ClCompile Include="src\Game\CRay2.cpp">
      <Filter>ソース ファイル\Game\Character\Enemy\Ray</Filter>
    </ClCompile>
    <ClCompile Include="src\Game\CRay3.cpp">
      <Filter>ソース ファイル\Game\Character\Enemy\Ray</Filter>
    </ClCompile>
    <ClCompile Include="src\Game\CNeedle.cpp">
      <Filter>ソース ファイル\Game\Effect\Needle</Filter>
    </ClCompile>
    <ClCompile Include="src\Game\CBee2.cpp">
      <Filter>ソース ファイル\Game\Character\Enemy\Bee</Filter>
    </ClCompile>
    <ClCompile Include="src\Game\CBee3.cpp">
      <Filter>ソース ファイル\Game\Character\Enemy\Bee</Filter>
    </ClCompile>
    <ClCompile Include="src\Game\CCrack.cpp">
      <Filter>ソース ファイル\Game\Effect\Crack</Filter>
    </ClCompile>
    <ClCompile Include="src\Game\CCrackEffect.cpp">
      <Filter>ソース ファイル\Game\Effect\Crack</Filter>
    </ClCompile>
    <ClCompile Include="src\Game\CCactus3.cpp">
      <Filter>ソース ファイル\Game\Character\Enemy\Cactus</Filter>
    </ClCompile>
    <ClCompile Include="src\Game\CCoin.cpp">
      <Filter>ソース ファイル\Game\Effect\Coin</Filter>
    </ClCompile>
    <ClCompile Include="src\Game\CExp.cpp">
      <Filter>ソース ファイル\Game\Item\Exp</Filter>
    </ClCompile>
    <ClCompile Include="src\Game\CExpManager.cpp">
      <Filter>ソース ファイル\Game\Item\Exp</Filter>
    </ClCompile>
    <ClCompile Include="src\Game\CPortionBlue.cpp">
      <Filter>ソース ファイル\Game\Item\Portion</Filter>
    </ClCompile>
    <ClCompile Include="src\Game\CPortionGreen.cpp">
      <Filter>ソース ファイル\Game\Item\Portion</Filter>
    </ClCompile>
    <ClCompile Include="src\Game\CPortionRed.cpp">
      <Filter>ソース ファイル\Game\Item\Portion</Filter>
    </ClCompile>
    <ClCompile Include="src\Game\CChest2.cpp">
      <Filter>ソース ファイル\Game\Character\Enemy\Chest</Filter>
    </ClCompile>
    <ClCompile Include="src\Game\CChest3.cpp">
      <Filter>ソース ファイル\Game\Character\Enemy\Chest</Filter>
    </ClCompile>
    <ClCompile Include="src\Game\CLightningBall.cpp">
      <Filter>ソース ファイル\Game\Effect\LightningBall</Filter>
    </ClCompile>
    <ClCompile Include="src\Game\CLightningBallEffect.cpp">
      <Filter>ソース ファイル\Game\Effect\LightningBall</Filter>
    </ClCompile>
    <ClCompile Include="src\Game\CImpact.cpp">
      <Filter>ソース ファイル\Game\Effect\Impact</Filter>
    </ClCompile>
    <ClCompile Include="src\Game\CImpactEffect.cpp">
      <Filter>ソース ファイル\Game\Effect\Impact</Filter>
    </ClCompile>
    <ClCompile Include="src\Game\CPortionManager.cpp">
      <Filter>ソース ファイル\Game\Item\Portion</Filter>
    </ClCompile>
    <ClCompile Include="src\Game\CFlightFlame.cpp">
      <Filter>ソース ファイル\Game\Effect\Flame</Filter>
    </ClCompile>
    <ClCompile Include="src\Game\CHomingBall.cpp">
      <Filter>ソース ファイル\Game\Effect\Homing</Filter>
    </ClCompile>
    <ClCompile Include="src\Game\CHomingBallEffect.cpp">
      <Filter>ソース ファイル\Game\Effect\Homing</Filter>
    </ClCompile>
    <ClCompile Include="src\Game\CSky.cpp">
      <Filter>ソース ファイル\Game\Field</Filter>
    </ClCompile>
    <ClCompile Include="src\Game\CNightSky.cpp">
      <Filter>ソース ファイル\Game\Field</Filter>
    </ClCompile>
    <ClCompile Include="src\Game\CTornado.cpp">
      <Filter>ソース ファイル\Game\Effect\Tornado</Filter>
    </ClCompile>
    <ClCompile Include="src\Game\CLich.cpp">
      <Filter>ソース ファイル\Game\Character\Enemy\Lich</Filter>
    </ClCompile>
    <ClCompile Include="src\Game\CMagicCircle.cpp">
      <Filter>ソース ファイル\Game\Effect\MagicCircle</Filter>
    </ClCompile>
    <ClCompile Include="src\Game\CDrain.cpp">
      <Filter>ソース ファイル\Game\Effect\Drain</Filter>
    </ClCompile>
    <ClCompile Include="src\Game\CDrainEffect.cpp">
      <Filter>ソース ファイル\Game\Effect\Drain</Filter>
    </ClCompile>
    <ClCompile Include="src\Game\CHealCircle.cpp">
      <Filter>ソース ファイル\Game\Effect\Heal</Filter>
    </ClCompile>
    <ClCompile Include="src\Game\CStarAura.cpp">
      <Filter>ソース ファイル\Game\Effect\Heal</Filter>
    </ClCompile>
    <ClCompile Include="src\Game\CBuffCircle.cpp">
      <Filter>ソース ファイル\Game\Effect\BuffCircle</Filter>
    </ClCompile>
    <ClCompile Include="src\Game\CBuffAura.cpp">
      <Filter>ソース ファイル\Game\Effect\Aura</Filter>
    </ClCompile>
    <ClCompile Include="src\Game\CPowerUpAura.cpp">
      <Filter>ソース ファイル\Game\Effect\Aura</Filter>
    </ClCompile>
    <ClCompile Include="src\Game\CShield.cpp">
      <Filter>ソース ファイル\Game\Weapon\Shield</Filter>
    </ClCompile>
    <ClCompile Include="src\Game\CShieldRotate.cpp">
      <Filter>ソース ファイル\Game\Weapon\Shield</Filter>
    </ClCompile>
    <ClCompile Include="src\Game\CSword.cpp">
      <Filter>ソース ファイル\Game\Weapon\Sword</Filter>
    </ClCompile>
    <ClCompile Include="src\Game\CShieldRotate2.cpp">
      <Filter>ソース ファイル\Game\Weapon\Shield</Filter>
    </ClCompile>
    <ClCompile Include="src\Game\CTitleUI.cpp">
      <Filter>ソース ファイル\Game\UI\TitleUI</Filter>
    </ClCompile>
    <ClCompile Include="src\BaseSystem\CUIManager.cpp">
      <Filter>ソース ファイル\BaseSystem\UI</Filter>
    </ClCompile>
    <ClCompile Include="src\BaseSystem\CButton.cpp">
      <Filter>ソース ファイル\BaseSystem\System</Filter>
    </ClCompile>
    <ClCompile Include="src\BaseSystem\CExpandButton.cpp">
      <Filter>ソース ファイル\BaseSystem\System</Filter>
    </ClCompile>
    <ClCompile Include="src\Game\CCurrent.cpp">
      <Filter>ソース ファイル\Game\Effect\Current</Filter>
    </ClCompile>
    <ClCompile Include="src\Game\CFlightFlamethrower.cpp">
      <Filter>ソース ファイル\Game\Effect\Flame</Filter>
    </ClCompile>
    <ClCompile Include="src\Game\CIceBreath.cpp">
      <Filter>ソース ファイル\Game\Effect\Breath\IceBreath</Filter>
    </ClCompile>
    <ClCompile Include="src\Game\CBreath.cpp">
      <Filter>ソース ファイル\Game\Effect\Breath</Filter>
    </ClCompile>
    <ClCompile Include="src\Game\AvoidanceGauge.cpp">
      <Filter>ソース ファイル\Game\UI\GameUI\Gauge</Filter>
    </ClCompile>
    <ClCompile Include="src\Game\CExpGauge.cpp">
      <Filter>ソース ファイル\Game\UI\GameUI\Gauge</Filter>
    </ClCompile>
    <ClCompile Include="src\Game\CSpGauge.cpp">
      <Filter>ソース ファイル\Game\UI\GameUI\Gauge</Filter>
    </ClCompile>
    <ClCompile Include="src\Game\CLevelUI.cpp">
      <Filter>ソース ファイル\Game\UI\GameUI</Filter>
    </ClCompile>
    <ClCompile Include="src\Game\CGamePlayerUI.cpp">
      <Filter>ソース ファイル\Game\UI\GameUI\PlayerUI</Filter>
    </ClCompile>
    <ClCompile Include="src\Game\CHpGauge.cpp">
      <Filter>ソース ファイル\Game\UI\GameUI\Gauge</Filter>
    </ClCompile>
    <ClCompile Include="src\Game\CHpUI.cpp">
      <Filter>ソース ファイル\Game\UI\GameUI</Filter>
    </ClCompile>
    <ClCompile Include="src\Game\CGameEnemyUI.cpp">
      <Filter>ソース ファイル\Game\UI\GameUI\EnemyUI</Filter>
    </ClCompile>
    <ClCompile Include="src\Game\CHit.cpp">
      <Filter>ソース ファイル\Game\Effect\Hit</Filter>
    </ClCompile>
    <ClCompile Include="src\Game\CEnemyLevelUI.cpp">
      <Filter>ソース ファイル\Game\UI\GameUI\EnemyUI</Filter>
    </ClCompile>
    <ClCompile Include="src\Game\CEnemyNameUI.cpp">
      <Filter>ソース ファイル\Game\UI\GameUI\EnemyUI</Filter>
    </ClCompile>
    <ClCompile Include="src\Game\COperationIns.cpp">
      <Filter>ソース ファイル\Game\Menu</Filter>
    </ClCompile>
    <ClCompile Include="src\Game\CPlayerStatusUI.cpp">
      <Filter>ソース ファイル\Game\Menu</Filter>
    </ClCompile>
    <ClCompile Include="src\Game\CPlayerHpUI.cpp">
      <Filter>ソース ファイル\Game\UI\GameUI\PlayerUI\HP</Filter>
    </ClCompile>
    <ClCompile Include="src\Game\CPlayerMaxHpUI.cpp">
      <Filter>ソース ファイル\Game\UI\GameUI\PlayerUI\HP</Filter>
    </ClCompile>
    <ClCompile Include="src\Game\CExpUI.cpp">
      <Filter>ソース ファイル\Game\UI\GameUI\PlayerUI\Exp</Filter>
    </ClCompile>
    <ClCompile Include="src\Game\CPlayerExpUI.cpp">
      <Filter>ソース ファイル\Game\UI\GameUI\PlayerUI\Exp</Filter>
    </ClCompile>
    <ClCompile Include="src\Game\CPlayerMaxExpUI.cpp">
      <Filter>ソース ファイル\Game\UI\GameUI\PlayerUI\Exp</Filter>
    </ClCompile>
    <ClCompile Include="src\Game\CSpUI.cpp">
      <Filter>ソース ファイル\Game\UI\GameUI\PlayerUI\SP</Filter>
    </ClCompile>
    <ClCompile Include="src\Game\CPlayerNameUI.cpp">
      <Filter>ソース ファイル\Game\UI\GameUI\PlayerUI\Name</Filter>
    </ClCompile>
    <ClCompile Include="src\Game\CPlayerSpUI.cpp">
      <Filter>ソース ファイル\Game\UI\GameUI\PlayerUI\SP</Filter>
    </ClCompile>
    <ClCompile Include="src\Game\CPlayerMaxSpUI.cpp">
      <Filter>ソース ファイル\Game\UI\GameUI\PlayerUI\SP</Filter>
    </ClCompile>
    <ClCompile Include="src\Game\CPlayerPowerUI.cpp">
      <Filter>ソース ファイル\Game\UI\GameUI\PlayerUI\Power</Filter>
    </ClCompile>
    <ClCompile Include="src\Game\CPlayerDefenseUI.cpp">
      <Filter>ソース ファイル\Game\UI\GameUI\PlayerUI\Defense</Filter>
    </ClCompile>
    <ClCompile Include="src\Game\CPlayerScaleUI.cpp">
      <Filter>ソース ファイル\Game\UI\GameUI\PlayerUI\Scale</Filter>
    </ClCompile>
    <ClCompile Include="src\Game\CMenu.cpp">
      <Filter>ソース ファイル\Game\UI\GameUI\Menu</Filter>
    </ClCompile>
    <ClCompile Include="src\Game\CKeyM.cpp">
      <Filter>ソース ファイル\Game\UI\GameUI\Key</Filter>
    </ClCompile>
    <ClCompile Include="src\Game\CBuffSkill.cpp">
      <Filter>ソース ファイル\Game\UI\GameUI\Skill</Filter>
    </ClCompile>
    <ClCompile Include="src\Game\CSlashSkill.cpp">
      <Filter>ソース ファイル\Game\UI\GameUI\Skill</Filter>
    </ClCompile>
    <ClCompile Include="src\Game\CKeyQ.cpp">
      <Filter>ソース ファイル\Game\UI\GameUI\Key</Filter>
    </ClCompile>
    <ClCompile Include="src\Game\CKeyE.cpp">
      <Filter>ソース ファイル\Game\UI\GameUI\Key</Filter>
    </ClCompile>
    <ClCompile Include="src\Game\CEnemyManager.cpp">
      <Filter>ソース ファイル\Game\Character\Enemy</Filter>
    </ClCompile>
    <ClCompile Include="src\Game\CLock.cpp">
      <Filter>ソース ファイル\Game\UI\GameUI\Skill\Lock</Filter>
    </ClCompile>
    <ClCompile Include="src\Game\CLockWall2.cpp">
      <Filter>ソース ファイル\Game\UI\GameUI\Skill\Lock</Filter>
    </ClCompile>
    <ClCompile Include="src\Game\CLockWall.cpp">
      <Filter>ソース ファイル\Game\UI\GameUI\Skill\Lock</Filter>
    </ClCompile>
    <ClCompile Include="src\Game\CLockLevel.cpp">
      <Filter>ソース ファイル\Game\UI\GameUI\Skill\Lock</Filter>
    </ClCompile>
    <ClCompile Include="src\Game\CLock2.cpp">
      <Filter>ソース ファイル\Game\UI\GameUI\Skill\Lock</Filter>
    </ClCompile>
    <ClCompile Include="src\Game\CLockLevel2.cpp">
      <Filter>ソース ファイル\Game\UI\GameUI\Skill\Lock</Filter>
    </ClCompile>
    <ClCompile Include="src\Game\COperationIns2.cpp">
      <Filter>ソース ファイル\Game\Menu</Filter>
    </ClCompile>
    <ClCompile Include="src\Game\CGameClearScene.cpp">
      <Filter>ソース ファイル\Game\Scene</Filter>
    </ClCompile>
    <ClCompile Include="src\Game\CBossUI.cpp">
      <Filter>ソース ファイル\Game\UI\GameUI\EnemyUI</Filter>
    </ClCompile>
    <ClCompile Include="src\Game\CPlayerLevelUI.cpp">
      <Filter>ソース ファイル\Game\UI\GameUI\PlayerUI\Level</Filter>
    </ClCompile>
    <ClCompile Include="src\Game\CLevelUpUI.cpp">
      <Filter>ソース ファイル\Game\UI\GameUI\PlayerUI\Level</Filter>
    </ClCompile>
  </ItemGroup>
  <ItemGroup>
    <ClInclude Include="src\BaseSystem\CCollider.h">
      <Filter>ソース ファイル\BaseSystem\Collider</Filter>
    </ClInclude>
    <ClInclude Include="src\BaseSystem\CColliderLine.h">
      <Filter>ソース ファイル\BaseSystem\Collider</Filter>
    </ClInclude>
    <ClInclude Include="src\BaseSystem\CColliderMesh.h">
      <Filter>ソース ファイル\BaseSystem\Collider</Filter>
    </ClInclude>
    <ClInclude Include="src\BaseSystem\CColliderTriangle.h">
      <Filter>ソース ファイル\BaseSystem\Collider</Filter>
    </ClInclude>
    <ClInclude Include="src\BaseSystem\CCollisionManager.h">
      <Filter>ソース ファイル\BaseSystem\Collider</Filter>
    </ClInclude>
    <ClInclude Include="src\BaseSystem\CMatrix.h">
      <Filter>ソース ファイル\BaseSystem\Math</Filter>
    </ClInclude>
    <ClInclude Include="src\BaseSystem\CMyShader.h">
      <Filter>ソース ファイル\BaseSystem\Math</Filter>
    </ClInclude>
    <ClInclude Include="src\BaseSystem\CShader.h">
      <Filter>ソース ファイル\BaseSystem\Math</Filter>
    </ClInclude>
    <ClInclude Include="src\BaseSystem\CVector.h">
      <Filter>ソース ファイル\BaseSystem\Math</Filter>
    </ClInclude>
    <ClInclude Include="src\BaseSystem\CMaterial.h">
      <Filter>ソース ファイル\BaseSystem\Model</Filter>
    </ClInclude>
    <ClInclude Include="src\BaseSystem\CModel.h">
      <Filter>ソース ファイル\BaseSystem\Model</Filter>
    </ClInclude>
    <ClInclude Include="src\BaseSystem\CModelX.h">
      <Filter>ソース ファイル\BaseSystem\Model</Filter>
    </ClInclude>
    <ClInclude Include="src\BaseSystem\CVertex.h">
      <Filter>ソース ファイル\BaseSystem\Model</Filter>
    </ClInclude>
    <ClInclude Include="src\BaseSystem\CTriangle.h">
      <Filter>ソース ファイル\BaseSystem\Model</Filter>
    </ClInclude>
    <ClInclude Include="src\BaseSystem\CCamera.h">
      <Filter>ソース ファイル\BaseSystem\System</Filter>
    </ClInclude>
    <ClInclude Include="src\BaseSystem\CInput.h">
      <Filter>ソース ファイル\BaseSystem\System</Filter>
    </ClInclude>
    <ClInclude Include="src\BaseSystem\CSound.h">
      <Filter>ソース ファイル\BaseSystem\System</Filter>
    </ClInclude>
    <ClInclude Include="src\BaseSystem\CTexture.h">
      <Filter>ソース ファイル\BaseSystem\System</Filter>
    </ClInclude>
    <ClInclude Include="src\BaseSystem\CTransform.h">
      <Filter>ソース ファイル\BaseSystem\System</Filter>
    </ClInclude>
    <ClInclude Include="src\BaseSystem\CTask.h">
      <Filter>ソース ファイル\BaseSystem\Task</Filter>
    </ClInclude>
    <ClInclude Include="src\BaseSystem\CTaskManager.h">
      <Filter>ソース ファイル\BaseSystem\Task</Filter>
    </ClInclude>
    <ClInclude Include="src\BaseSystem\CFont.h">
      <Filter>ソース ファイル\BaseSystem\UI</Filter>
    </ClInclude>
    <ClInclude Include="src\Game\CApplication.h">
      <Filter>ソース ファイル\Game</Filter>
    </ClInclude>
    <ClInclude Include="src\BaseSystem\CEffect.h">
      <Filter>ソース ファイル\BaseSystem\Effect</Filter>
    </ClInclude>
    <ClInclude Include="src\BaseSystem\CBillBoard.h">
      <Filter>ソース ファイル\BaseSystem\Effect</Filter>
    </ClInclude>
    <ClInclude Include="src\BaseSystem\TaskPriority.h">
      <Filter>ソース ファイル\BaseSystem\Task</Filter>
    </ClInclude>
    <ClInclude Include="src\BaseSystem\TaskPauseType.h">
      <Filter>ソース ファイル\BaseSystem\Task</Filter>
    </ClInclude>
    <ClInclude Include="src\BaseSystem\ColliderType.h">
      <Filter>ソース ファイル\BaseSystem\Collider</Filter>
    </ClInclude>
    <ClInclude Include="src\BaseSystem\CObjectBase.h">
      <Filter>ソース ファイル\BaseSystem\Object</Filter>
    </ClInclude>
    <ClInclude Include="src\BaseSystem\CCharaBase.h">
      <Filter>ソース ファイル\BaseSystem\Object\Character</Filter>
    </ClInclude>
    <ClInclude Include="src\BaseSystem\ObjectTag.h">
      <Filter>ソース ファイル\BaseSystem\Object</Filter>
    </ClInclude>
    <ClInclude Include="src\BaseSystem\CollisionLayer.h">
      <Filter>ソース ファイル\BaseSystem\Collider</Filter>
    </ClInclude>
    <ClInclude Include="src\BaseSystem\CColliderSphere.h">
      <Filter>ソース ファイル\BaseSystem\Collider</Filter>
    </ClInclude>
    <ClInclude Include="src\BaseSystem\CSceneBase.h">
      <Filter>ソース ファイル\BaseSystem\Scene</Filter>
    </ClInclude>
    <ClInclude Include="src\BaseSystem\CSceneManager.h">
      <Filter>ソース ファイル\BaseSystem\Scene</Filter>
    </ClInclude>
    <ClInclude Include="src\BaseSystem\SceneType.h">
      <Filter>ソース ファイル\BaseSystem\Scene</Filter>
    </ClInclude>
    <ClInclude Include="src\BaseSystem\CColor.h">
      <Filter>ソース ファイル\BaseSystem\Math</Filter>
    </ClInclude>
    <ClInclude Include="src\BaseSystem\CTextureFont.h">
      <Filter>ソース ファイル\BaseSystem\UI</Filter>
    </ClInclude>
    <ClInclude Include="src\Define.h">
      <Filter>ソース ファイル</Filter>
    </ClInclude>
    <ClInclude Include="src\BaseSystem\CText.h">
      <Filter>ソース ファイル\BaseSystem\UI</Filter>
    </ClInclude>
    <ClInclude Include="src\BaseSystem\CUIBase.h">
      <Filter>ソース ファイル\BaseSystem\UI</Filter>
    </ClInclude>
    <ClInclude Include="src\BaseSystem\Maths.h">
      <Filter>ソース ファイル\BaseSystem\Math</Filter>
    </ClInclude>
    <ClInclude Include="src\BaseSystem\CQuaternion.h">
      <Filter>ソース ファイル\BaseSystem\Math</Filter>
    </ClInclude>
    <ClInclude Include="src\BaseSystem\CDebugPrint.h">
      <Filter>ソース ファイル\BaseSystem\Debug</Filter>
    </ClInclude>
    <ClInclude Include="src\Game\CField.h">
      <Filter>ソース ファイル\Game\Field</Filter>
    </ClInclude>
    <ClInclude Include="src\Game\CXCharacter.h">
      <Filter>ソース ファイル\Game\Character</Filter>
    </ClInclude>
    <ClInclude Include="src\Game\CTitleScene.h">
      <Filter>ソース ファイル\Game\Scene</Filter>
    </ClInclude>
    <ClInclude Include="src\Game\CGameScene.h">
      <Filter>ソース ファイル\Game\Scene</Filter>
    </ClInclude>
    <ClInclude Include="src\Game\CImage.h">
      <Filter>ソース ファイル\BaseSystem\UI</Filter>
    </ClInclude>
    <ClInclude Include="src\Game\CMoveFloor.h">
      <Filter>ソース ファイル\Game\Field\Object</Filter>
    </ClInclude>
    <ClInclude Include="src\Game\CRideableObject.h">
      <Filter>ソース ファイル\Game\Field\Object</Filter>
    </ClInclude>
    <ClInclude Include="src\Game\CRotateFloor.h">
      <Filter>ソース ファイル\Game\Field\Object</Filter>
    </ClInclude>
    <ClInclude Include="src\Game\CharaStatus.h">
      <Filter>ソース ファイル\Game\Character</Filter>
    </ClInclude>
    <ClInclude Include="src\BaseSystem\CDebugProfiler.h">
      <Filter>ソース ファイル\BaseSystem\Debug</Filter>
    </ClInclude>
    <ClInclude Include="src\BaseSystem\CDebugTimer.h">
      <Filter>ソース ファイル\BaseSystem\Debug</Filter>
    </ClInclude>
    <ClInclude Include="src\BaseSystem\Time.h">
      <Filter>ソース ファイル\BaseSystem\System</Filter>
    </ClInclude>
    <ClInclude Include="src\BaseSystem\CDebugCamera.h">
      <Filter>ソース ファイル\BaseSystem\Debug</Filter>
    </ClInclude>
    <ClInclude Include="src\BaseSystem\CDebugInput.h">
      <Filter>ソース ファイル\BaseSystem\Debug</Filter>
    </ClInclude>
    <ClInclude Include="src\Test\CBootMenuScene.h">
      <Filter>ソース ファイル\Test</Filter>
    </ClInclude>
    <ClInclude Include="src\Test\CColBase.h">
      <Filter>ソース ファイル\Test</Filter>
    </ClInclude>
    <ClInclude Include="src\Test\CColLine.h">
      <Filter>ソース ファイル\Test</Filter>
    </ClInclude>
    <ClInclude Include="src\Test\CCollisionTestScene.h">
      <Filter>ソース ファイル\Test</Filter>
    </ClInclude>
    <ClInclude Include="src\Test\CColQuad.h">
      <Filter>ソース ファイル\Test</Filter>
    </ClInclude>
    <ClInclude Include="src\Test\CColSphere.h">
      <Filter>ソース ファイル\Test</Filter>
    </ClInclude>
    <ClInclude Include="src\Test\CColTriangle.h">
      <Filter>ソース ファイル\Test</Filter>
    </ClInclude>
    <ClInclude Include="src\Test\CMeasure.h">
      <Filter>ソース ファイル\Test</Filter>
    </ClInclude>
    <ClInclude Include="src\BaseSystem\System.h">
      <Filter>ソース ファイル\BaseSystem\System</Filter>
    </ClInclude>
    <ClInclude Include="src\BaseSystem\Primitive.h">
      <Filter>ソース ファイル\BaseSystem\System</Filter>
    </ClInclude>
    <ClInclude Include="src\BaseSystem\CGamePause.h">
      <Filter>ソース ファイル\BaseSystem\System</Filter>
    </ClInclude>
    <ClInclude Include="src\Game\CPlayer.h">
      <Filter>ソース ファイル\Game\Character\Player</Filter>
    </ClInclude>
    <ClInclude Include="src\Game\CWeapon.h">
      <Filter>ソース ファイル\Game\Weapon</Filter>
    </ClInclude>
    <ClInclude Include="src\BaseSystem\CBillBoardImage.h">
      <Filter>ソース ファイル\BaseSystem\Effect</Filter>
    </ClInclude>
    <ClInclude Include="src\BaseSystem\CRect.h">
      <Filter>ソース ファイル\BaseSystem\Math</Filter>
    </ClInclude>
    <ClInclude Include="src\Game\CEnemy.h">
      <Filter>ソース ファイル\Game\Character\Enemy</Filter>
    </ClInclude>
    <ClInclude Include="src\BaseSystem\CResource.h">
      <Filter>ソース ファイル\BaseSystem\Resource</Filter>
    </ClInclude>
    <ClInclude Include="src\BaseSystem\CResourceManager.h">
      <Filter>ソース ファイル\BaseSystem\Resource</Filter>
    </ClInclude>
    <ClInclude Include="src\Game\CGameOverScene.h">
      <Filter>ソース ファイル\Game\Scene</Filter>
    </ClInclude>
    <ClInclude Include="src\Game\CGameCamera.h">
      <Filter>ソース ファイル\Game\System</Filter>
    </ClInclude>
    <ClInclude Include="src\BaseSystem\CLineEffect.h">
      <Filter>ソース ファイル\BaseSystem\Effect</Filter>
    </ClInclude>
    <ClInclude Include="src\BaseSystem\CTrailEffect.h">
      <Filter>ソース ファイル\BaseSystem\Effect</Filter>
    </ClInclude>
    <ClInclude Include="src\Game\CBullet.h">
      <Filter>ソース ファイル\Game\Weapon\Bullet</Filter>
    </ClInclude>
    <ClInclude Include="src\Game\CGameMenu.h">
      <Filter>ソース ファイル\Game\Menu</Filter>
    </ClInclude>
    <ClInclude Include="src\Game\CGameCamera2.h">
      <Filter>ソース ファイル\Game\System</Filter>
    </ClInclude>
    <ClInclude Include="src\BaseSystem\CSoundManager.h">
      <Filter>ソース ファイル\BaseSystem\System</Filter>
    </ClInclude>
    <ClInclude Include="src\BaseSystem\BGMData.h">
      <Filter>ソース ファイル\BaseSystem\BGM</Filter>
    </ClInclude>
    <ClInclude Include="src\BaseSystem\CBGMManager.h">
      <Filter>ソース ファイル\BaseSystem\BGM</Filter>
    </ClInclude>
    <ClInclude Include="src\BaseSystem\CFade.h">
      <Filter>ソース ファイル\BaseSystem\Fade</Filter>
    </ClInclude>
    <ClInclude Include="src\BaseSystem\Easing.h">
      <Filter>ソース ファイル\BaseSystem\Effect</Filter>
    </ClInclude>
    <ClInclude Include="src\Game\CFlame.h">
      <Filter>ソース ファイル\Game\Effect\Flame</Filter>
    </ClInclude>
    <ClInclude Include="src\Game\CFlamethrower.h">
      <Filter>ソース ファイル\Game\Effect\Flame</Filter>
    </ClInclude>
    <ClInclude Include="src\BaseSystem\CColliderCapsule.h">
      <Filter>ソース ファイル\BaseSystem\Collider</Filter>
    </ClInclude>
    <ClInclude Include="src\Test\CColCapsule.h">
      <Filter>ソース ファイル\Test</Filter>
    </ClInclude>
    <ClInclude Include="src\Game\CSlash.h">
      <Filter>ソース ファイル\Game\Effect\Slashing</Filter>
    </ClInclude>
    <ClInclude Include="src\Game\CRoar.h">
      <Filter>ソース ファイル\Game\Effect\Roar</Filter>
    </ClInclude>
    <ClInclude Include="src\BaseSystem\CBounds.h">
      <Filter>ソース ファイル\BaseSystem\Collider</Filter>
    </ClInclude>
    <ClInclude Include="src\Game\CElectricShock.h">
      <Filter>ソース ファイル\Game\Effect\ElectricShock</Filter>
    </ClInclude>
    <ClInclude Include="src\Game\CElectricShockEffect.h">
      <Filter>ソース ファイル\Game\Effect\ElectricShock</Filter>
    </ClInclude>
    <ClInclude Include="src\Game\CBee.h">
      <Filter>ソース ファイル\Game\Character\Enemy\Bee</Filter>
    </ClInclude>
    <ClInclude Include="src\Game\CBeholder.h">
      <Filter>ソース ファイル\Game\Character\Enemy\Beholder</Filter>
    </ClInclude>
    <ClInclude Include="src\Game\CBoxer.h">
      <Filter>ソース ファイル\Game\Character\Enemy\Boxer</Filter>
    </ClInclude>
    <ClInclude Include="src\Game\CBoxer2.h">
      <Filter>ソース ファイル\Game\Character\Enemy\Boxer</Filter>
    </ClInclude>
    <ClInclude Include="src\Game\CCactus.h">
      <Filter>ソース ファイル\Game\Character\Enemy\Cactus</Filter>
    </ClInclude>
    <ClInclude Include="src\Game\CChest.h">
      <Filter>ソース ファイル\Game\Character\Enemy\Chest</Filter>
    </ClInclude>
    <ClInclude Include="src\Game\CDragon.h">
      <Filter>ソース ファイル\Game\Character\Enemy\Dragon</Filter>
    </ClInclude>
    <ClInclude Include="src\Game\CMushroom.h">
      <Filter>ソース ファイル\Game\Character\Enemy\Mushroom</Filter>
    </ClInclude>
    <ClInclude Include="src\Game\CMushroom2.h">
      <Filter>ソース ファイル\Game\Character\Enemy\Mushroom</Filter>
    </ClInclude>
    <ClInclude Include="src\Game\CMushroom3.h">
      <Filter>ソース ファイル\Game\Character\Enemy\Mushroom</Filter>
    </ClInclude>
    <ClInclude Include="src\Game\CRay.h">
      <Filter>ソース ファイル\Game\Character\Enemy\Ray</Filter>
    </ClInclude>
    <ClInclude Include="src\Game\CSlime.h">
      <Filter>ソース ファイル\Game\Character\Enemy\Slime</Filter>
    </ClInclude>
    <ClInclude Include="src\Game\CSlime2.h">
      <Filter>ソース ファイル\Game\Character\Enemy\Slime</Filter>
    </ClInclude>
    <ClInclude Include="src\Game\CSlime3.h">
      <Filter>ソース ファイル\Game\Character\Enemy\Slime</Filter>
    </ClInclude>
    <ClInclude Include="src\Game\CTurtle.h">
      <Filter>ソース ファイル\Game\Character\Enemy\Turtle</Filter>
    </ClInclude>
    <ClInclude Include="src\Game\CTurtle2.h">
      <Filter>ソース ファイル\Game\Character\Enemy\Turtle</Filter>
    </ClInclude>
    <ClInclude Include="src\Game\CTurtle3.h">
      <Filter>ソース ファイル\Game\Character\Enemy\Turtle</Filter>
    </ClInclude>
    <ClInclude Include="src\Game\CCactus2.h">
      <Filter>ソース ファイル\Game\Character\Enemy\Cactus</Filter>
    </ClInclude>
    <ClInclude Include="src\Game\CWave.h">
      <Filter>ソース ファイル\Game\Effect\Wave</Filter>
    </ClInclude>
    <ClInclude Include="src\Game\CRay2.h">
      <Filter>ソース ファイル\Game\Character\Enemy\Ray</Filter>
    </ClInclude>
    <ClInclude Include="src\Game\CRay3.h">
      <Filter>ソース ファイル\Game\Character\Enemy\Ray</Filter>
    </ClInclude>
    <ClInclude Include="src\Game\CNeedle.h">
      <Filter>ソース ファイル\Game\Effect\Needle</Filter>
    </ClInclude>
    <ClInclude Include="src\Game\CBee2.h">
      <Filter>ソース ファイル\Game\Character\Enemy\Bee</Filter>
    </ClInclude>
    <ClInclude Include="src\Game\CBee3.h">
      <Filter>ソース ファイル\Game\Character\Enemy\Bee</Filter>
    </ClInclude>
    <ClInclude Include="src\Game\CCrack.h">
      <Filter>ソース ファイル\Game\Effect\Crack</Filter>
    </ClInclude>
    <ClInclude Include="src\Game\CCrackEffect.h">
      <Filter>ソース ファイル\Game\Effect\Crack</Filter>
    </ClInclude>
    <ClInclude Include="src\Game\CCactus3.h">
      <Filter>ソース ファイル\Game\Character\Enemy\Cactus</Filter>
    </ClInclude>
    <ClInclude Include="src\Game\CCoin.h">
      <Filter>ソース ファイル\Game\Effect\Coin</Filter>
    </ClInclude>
    <ClInclude Include="src\Game\CExp.h">
      <Filter>ソース ファイル\Game\Item\Exp</Filter>
    </ClInclude>
    <ClInclude Include="src\Game\CExpManager.h">
      <Filter>ソース ファイル\Game\Item\Exp</Filter>
    </ClInclude>
    <ClInclude Include="src\Game\CPortionBlue.h">
      <Filter>ソース ファイル\Game\Item\Portion</Filter>
    </ClInclude>
    <ClInclude Include="src\Game\CPortionGreen.h">
      <Filter>ソース ファイル\Game\Item\Portion</Filter>
    </ClInclude>
    <ClInclude Include="src\Game\CPortionRed.h">
      <Filter>ソース ファイル\Game\Item\Portion</Filter>
    </ClInclude>
    <ClInclude Include="src\Game\CChest2.h">
      <Filter>ソース ファイル\Game\Character\Enemy\Chest</Filter>
    </ClInclude>
    <ClInclude Include="src\Game\CChest3.h">
      <Filter>ソース ファイル\Game\Character\Enemy\Chest</Filter>
    </ClInclude>
    <ClInclude Include="src\Game\CLightningBall.h">
      <Filter>ソース ファイル\Game\Effect\LightningBall</Filter>
    </ClInclude>
    <ClInclude Include="src\Game\CLightningBallEffect.h">
      <Filter>ソース ファイル\Game\Effect\LightningBall</Filter>
    </ClInclude>
    <ClInclude Include="src\Game\CImpact.h">
      <Filter>ソース ファイル\Game\Effect\Impact</Filter>
    </ClInclude>
    <ClInclude Include="src\Game\CImpactEffect.h">
      <Filter>ソース ファイル\Game\Effect\Impact</Filter>
    </ClInclude>
    <ClInclude Include="src\Game\CPortionManager.h">
      <Filter>ソース ファイル\Game\Item\Portion</Filter>
    </ClInclude>
    <ClInclude Include="src\Game\CFlightFlame.h">
      <Filter>ソース ファイル\Game\Effect\Flame</Filter>
    </ClInclude>
    <ClInclude Include="src\Game\CHomingBall.h">
      <Filter>ソース ファイル\Game\Effect\Homing</Filter>
    </ClInclude>
    <ClInclude Include="src\Game\CHomingBallEffect.h">
      <Filter>ソース ファイル\Game\Effect\Homing</Filter>
    </ClInclude>
    <ClInclude Include="src\Game\CSky.h">
      <Filter>ソース ファイル\Game\Field</Filter>
    </ClInclude>
    <ClInclude Include="src\Game\CNightSky.h">
      <Filter>ソース ファイル\Game\Field</Filter>
    </ClInclude>
    <ClInclude Include="src\Game\CTornado.h">
      <Filter>ソース ファイル\Game\Effect\Tornado</Filter>
    </ClInclude>
    <ClInclude Include="src\Game\CLich.h">
      <Filter>ソース ファイル\Game\Character\Enemy\Lich</Filter>
    </ClInclude>
    <ClInclude Include="src\Game\CMagicCircle.h">
      <Filter>ソース ファイル\Game\Effect\MagicCircle</Filter>
    </ClInclude>
    <ClInclude Include="src\Game\CDrain.h">
      <Filter>ソース ファイル\Game\Effect\Drain</Filter>
    </ClInclude>
    <ClInclude Include="src\Game\CDrainEffect.h">
      <Filter>ソース ファイル\Game\Effect\Drain</Filter>
    </ClInclude>
    <ClInclude Include="src\Game\CHealCircle.h">
      <Filter>ソース ファイル\Game\Effect\Heal</Filter>
    </ClInclude>
    <ClInclude Include="src\Game\CStarAura.h">
      <Filter>ソース ファイル\Game\Effect\Heal</Filter>
    </ClInclude>
    <ClInclude Include="src\Game\CBuffCircle.h">
      <Filter>ソース ファイル\Game\Effect\BuffCircle</Filter>
    </ClInclude>
    <ClInclude Include="src\Game\CBuffAura.h">
      <Filter>ソース ファイル\Game\Effect\Aura</Filter>
    </ClInclude>
    <ClInclude Include="src\Game\CPowerUpAura.h">
      <Filter>ソース ファイル\Game\Effect\Aura</Filter>
    </ClInclude>
    <ClInclude Include="src\Game\CShield.h">
      <Filter>ソース ファイル\Game\Weapon\Shield</Filter>
    </ClInclude>
    <ClInclude Include="src\Game\CShieldRotate.h">
      <Filter>ソース ファイル\Game\Weapon\Shield</Filter>
    </ClInclude>
    <ClInclude Include="src\Game\CSword.h">
      <Filter>ソース ファイル\Game\Weapon\Sword</Filter>
    </ClInclude>
    <ClInclude Include="src\Game\CShieldRotate2.h">
      <Filter>ソース ファイル\Game\Weapon\Shield</Filter>
    </ClInclude>
    <ClInclude Include="src\Game\CTitleUI.h">
      <Filter>ソース ファイル\Game\UI\TitleUI</Filter>
    </ClInclude>
    <ClInclude Include="src\BaseSystem\CUIManager.h">
      <Filter>ソース ファイル\BaseSystem\UI</Filter>
    </ClInclude>
    <ClInclude Include="src\BaseSystem\CButton.h">
      <Filter>ソース ファイル\BaseSystem\System</Filter>
    </ClInclude>
    <ClInclude Include="src\BaseSystem\CExpandButton.h">
      <Filter>ソース ファイル\BaseSystem\System</Filter>
    </ClInclude>
    <ClInclude Include="src\Game\CCurrent.h">
      <Filter>ソース ファイル\Game\Effect\Current</Filter>
    </ClInclude>
    <ClInclude Include="src\Game\CFlightFlamethrower.h">
      <Filter>ソース ファイル\Game\Effect\Flame</Filter>
    </ClInclude>
    <ClInclude Include="src\Game\CIceBreath.h">
      <Filter>ソース ファイル\Game\Effect\Breath\IceBreath</Filter>
    </ClInclude>
    <ClInclude Include="src\Game\CBreath.h">
      <Filter>ソース ファイル\Game\Effect\Breath</Filter>
    </ClInclude>
    <ClInclude Include="src\Game\CAvoidanceGauge.h">
      <Filter>ソース ファイル\Game\UI\GameUI\Gauge</Filter>
    </ClInclude>
    <ClInclude Include="src\Game\CExpGauge.h">
      <Filter>ソース ファイル\Game\UI\GameUI\Gauge</Filter>
    </ClInclude>
    <ClInclude Include="src\Game\CSpGauge.h">
      <Filter>ソース ファイル\Game\UI\GameUI\Gauge</Filter>
    </ClInclude>
    <ClInclude Include="src\Game\CLevelUI.h">
      <Filter>ソース ファイル\Game\UI\GameUI</Filter>
    </ClInclude>
    <ClInclude Include="src\Game\CGamePlayerUI.h">
      <Filter>ソース ファイル\Game\UI\GameUI\PlayerUI</Filter>
    </ClInclude>
    <ClInclude Include="src\Game\CHpGauge.h">
      <Filter>ソース ファイル\Game\UI\GameUI\Gauge</Filter>
    </ClInclude>
    <ClInclude Include="src\Game\CHpUI.h">
      <Filter>ソース ファイル\Game\UI\GameUI</Filter>
    </ClInclude>
    <ClInclude Include="src\Game\CGameEnemyUI.h">
      <Filter>ソース ファイル\Game\UI\GameUI\EnemyUI</Filter>
    </ClInclude>
    <ClInclude Include="src\Game\CHit.h">
      <Filter>ソース ファイル\Game\Effect\Hit</Filter>
    </ClInclude>
    <ClInclude Include="src\Game\CEnemyLevelUI.h">
      <Filter>ソース ファイル\Game\UI\GameUI\EnemyUI</Filter>
    </ClInclude>
    <ClInclude Include="src\Game\CEnemyNameUI.h">
      <Filter>ソース ファイル\Game\UI\GameUI\EnemyUI</Filter>
    </ClInclude>
    <ClInclude Include="src\Game\COperationIns.h">
      <Filter>ソース ファイル\Game\Menu</Filter>
    </ClInclude>
    <ClInclude Include="src\Game\CPlayerStatusUI.h">
      <Filter>ソース ファイル\Game\Menu</Filter>
    </ClInclude>
    <ClInclude Include="src\Game\CPlayerHpUI.h">
      <Filter>ソース ファイル\Game\UI\GameUI\PlayerUI\HP</Filter>
    </ClInclude>
    <ClInclude Include="src\Game\CPlayerMaxHpUI.h">
      <Filter>ソース ファイル\Game\UI\GameUI\PlayerUI\HP</Filter>
    </ClInclude>
    <ClInclude Include="src\Game\CPlayerExpUI.h">
      <Filter>ソース ファイル\Game\UI\GameUI\PlayerUI\Exp</Filter>
    </ClInclude>
    <ClInclude Include="src\Game\CExpUI.h">
      <Filter>ソース ファイル\Game\UI\GameUI\PlayerUI\Exp</Filter>
    </ClInclude>
    <ClInclude Include="src\Game\CPlayerMaxExpUI.h">
      <Filter>ソース ファイル\Game\UI\GameUI\PlayerUI\Exp</Filter>
    </ClInclude>
    <ClInclude Include="src\Game\CSpUI.h">
      <Filter>ソース ファイル\Game\UI\GameUI\PlayerUI\SP</Filter>
    </ClInclude>
    <ClInclude Include="src\Game\CPlayerSpUI.h">
      <Filter>ソース ファイル\Game\UI\GameUI\PlayerUI\SP</Filter>
    </ClInclude>
    <ClInclude Include="src\Game\CPlayerNameUI.h">
      <Filter>ソース ファイル\Game\UI\GameUI\PlayerUI\Name</Filter>
    </ClInclude>
    <ClInclude Include="src\Game\CPlayerMaxSpUI.h">
      <Filter>ソース ファイル\Game\UI\GameUI\PlayerUI\SP</Filter>
    </ClInclude>
    <ClInclude Include="src\Game\CPlayerPowerUI.h">
      <Filter>ソース ファイル\Game\UI\GameUI\PlayerUI\Power</Filter>
    </ClInclude>
    <ClInclude Include="src\Game\CPlayerDefenseUI.h">
      <Filter>ソース ファイル\Game\UI\GameUI\PlayerUI\Defense</Filter>
    </ClInclude>
    <ClInclude Include="src\Game\CPlayerScaleUI.h">
      <Filter>ソース ファイル\Game\UI\GameUI\PlayerUI\Scale</Filter>
    </ClInclude>
    <ClInclude Include="src\Game\CMenu.h">
      <Filter>ソース ファイル\Game\UI\GameUI\Menu</Filter>
    </ClInclude>
    <ClInclude Include="src\Game\CKeyM.h">
      <Filter>ソース ファイル\Game\UI\GameUI\Key</Filter>
    </ClInclude>
    <ClInclude Include="src\Game\CBuffSkill.h">
      <Filter>ソース ファイル\Game\UI\GameUI\Skill</Filter>
    </ClInclude>
    <ClInclude Include="src\Game\CSlashSkill.h">
      <Filter>ソース ファイル\Game\UI\GameUI\Skill</Filter>
    </ClInclude>
    <ClInclude Include="src\Game\CKeyQ.h">
      <Filter>ソース ファイル\Game\UI\GameUI\Key</Filter>
    </ClInclude>
    <ClInclude Include="src\Game\CKeyE.h">
      <Filter>ソース ファイル\Game\UI\GameUI\Key</Filter>
    </ClInclude>
    <ClInclude Include="src\Game\CEnemyManager.h">
      <Filter>ソース ファイル\Game\Character\Enemy</Filter>
    </ClInclude>
    <ClInclude Include="src\Game\CLock.h">
      <Filter>ソース ファイル\Game\UI\GameUI\Skill\Lock</Filter>
    </ClInclude>
    <ClInclude Include="src\Game\CLockWall2.h">
      <Filter>ソース ファイル\Game\UI\GameUI\Skill\Lock</Filter>
    </ClInclude>
    <ClInclude Include="src\Game\CLockWall.h">
      <Filter>ソース ファイル\Game\UI\GameUI\Skill\Lock</Filter>
    </ClInclude>
    <ClInclude Include="src\Game\CLockLevel.h">
      <Filter>ソース ファイル\Game\UI\GameUI\Skill\Lock</Filter>
    </ClInclude>
    <ClInclude Include="src\Game\CLock2.h">
      <Filter>ソース ファイル\Game\UI\GameUI\Skill\Lock</Filter>
    </ClInclude>
    <ClInclude Include="src\Game\CLockLevel2.h">
      <Filter>ソース ファイル\Game\UI\GameUI\Skill\Lock</Filter>
    </ClInclude>
    <ClInclude Include="src\Game\COperationIns2.h">
      <Filter>ソース ファイル\Game\Menu</Filter>
    </ClInclude>
    <ClInclude Include="src\Game\CGameClearScene.h">
      <Filter>ソース ファイル\Game\Scene</Filter>
    </ClInclude>
    <ClInclude Include="src\Game\CBossUI.h">
      <Filter>ソース ファイル\Game\UI\GameUI\EnemyUI</Filter>
    </ClInclude>
    <ClInclude Include="src\Game\CPlayerLevelUI.h">
      <Filter>ソース ファイル\Game\UI\GameUI\PlayerUI\Level</Filter>
    </ClInclude>
    <ClInclude Include="src\Game\CLevelUpUI.h">
      <Filter>ソース ファイル\Game\UI\GameUI\PlayerUI\Level</Filter>
    </ClInclude>
  </ItemGroup>
</Project>